# THIS IS AN AUTOGENERATED FILE. DO NOT EDIT THIS FILE DIRECTLY.
# yarn lockfile v1


formBuilder@^3.2.3:
  version "3.2.3"
  resolved "https://registry.yarnpkg.com/formBuilder/-/formBuilder-3.2.3.tgz#2b8ad87a16ab873088ef5b730900d4eb5231eec9"
  integrity sha512-edTXci7phafTe0khhI1g3FrLesLEzrUcAqqk9DJtPr3sD3REDOITGDB2deTTgxZ4/LdBCwmGV7khgrszHK7jAQ==
  dependencies:
    jquery ">=3.4.1"
    jquery-ui-sortable "*"

jquery-ui-sortable@*:
  version "1.0.0"
  resolved "https://registry.yarnpkg.com/jquery-ui-sortable/-/jquery-ui-sortable-1.0.0.tgz#0ee062ce02b29b36585ede3a3e0ddde666060f96"
  integrity sha1-DuBizgKymzZYXt46Pg3d5mYGD5Y=

jquery@>=3.4.1:
  version "3.4.1"
  resolved "https://registry.yarnpkg.com/jquery/-/jquery-3.4.1.tgz#714f1f8d9dde4bdfa55764ba37ef214630d80ef2"
  integrity sha512-36+AdBzCL+y6qjw5Tx7HgzeGCzC81MDDgaUP8ld2zhx58HdqXGoBd+tHdrBMiyjGQs0Hxs/MLZTu/eHNJJuWPw==
